// !$*UTF8*$!
{
	archiveVersion = 1;
	classes = {
	};
	objectVersion = 46;
	objects = {

/* Begin PBXBuildFile section */
		A1BE20731A8ACE1A00AE7528 /* AppDelegate.swift in Sources */ = {isa = PBXBuildFile; fileRef = A1BE20721A8ACE1A00AE7528 /* AppDelegate.swift */; };
		A1BE20751A8ACE1A00AE7528 /* ViewController.swift in Sources */ = {isa = PBXBuildFile; fileRef = A1BE20741A8ACE1A00AE7528 /* ViewController.swift */; };
		A1BE20781A8ACE1A00AE7528 /* Main.storyboard in Resources */ = {isa = PBXBuildFile; fileRef = A1BE20761A8ACE1A00AE7528 /* Main.storyboard */; };
		A1BE207A1A8ACE1A00AE7528 /* Images.xcassets in Resources */ = {isa = PBXBuildFile; fileRef = A1BE20791A8ACE1A00AE7528 /* Images.xcassets */; };
		A1BE207D1A8ACE1A00AE7528 /* LaunchScreen.xib in Resources */ = {isa = PBXBuildFile; fileRef = A1BE207B1A8ACE1A00AE7528 /* LaunchScreen.xib */; };
		A1BE20891A8ACE1B00AE7528 /* audioRecordTests.swift in Sources */ = {isa = PBXBuildFile; fileRef = A1BE20881A8ACE1B00AE7528 /* audioRecordTests.swift */; };
		A1BE20931A8ACE9A00AE7528 /* audio.gif in Resources */ = {isa = PBXBuildFile; fileRef = A1BE20921A8ACE9A00AE7528 /* audio.gif */; };
		A1BE20951A8AE2E600AE7528 /* AVFoundation.framework in Frameworks */ = {isa = PBXBuildFile; fileRef = A1BE20941A8AE2E600AE7528 /* AVFoundation.framework */; };
/* End PBXBuildFile section */

/* Begin PBXContainerItemProxy section */
		A1BE20831A8ACE1A00AE7528 /* PBXContainerItemProxy */ = {
			isa = PBXContainerItemProxy;
			containerPortal = A1BE20651A8ACE1A00AE7528 /* Project object */;
			proxyType = 1;
			remoteGlobalIDString = A1BE206C1A8ACE1A00AE7528;
			remoteInfo = audioRecord;
		};
/* End PBXContainerItemProxy section */

/* Begin PBXFileReference section */
		A1BE206D1A8ACE1A00AE7528 /* audioRecord.app */ = {isa = PBXFileReference; explicitFileType = wrapper.application; includeInIndex = 0; path = audioRecord.app; sourceTree = BUILT_PRODUCTS_DIR; };
		A1BE20711A8ACE1A00AE7528 /* Info.plist */ = {isa = PBXFileReference; lastKnownFileType = text.plist.xml; path = Info.plist; sourceTree = "<group>"; };
		A1BE20721A8ACE1A00AE7528 /* AppDelegate.swift */ = {isa = PBXFileReference; lastKnownFileType = sourcecode.swift; path = AppDelegate.swift; sourceTree = "<group>"; };
		A1BE20741A8ACE1A00AE7528 /* ViewController.swift */ = {isa = PBXFileReference; lastKnownFileType = sourcecode.swift; path = ViewController.swift; sourceTree = "<group>"; };
		A1BE20771A8ACE1A00AE7528 /* Base */ = {isa = PBXFileReference; lastKnownFileType = file.storyboard; name = Base; path = Base.lproj/Main.storyboard; sourceTree = "<group>"; };
		A1BE20791A8ACE1A00AE7528 /* Images.xcassets */ = {isa = PBXFileReference; lastKnownFileType = folder.assetcatalog; path = Images.xcassets; sourceTree = "<group>"; };
		A1BE207C1A8ACE1A00AE7528 /* Base */ = {isa = PBXFileReference; lastKnownFileType = file.xib; name = Base; path = Base.lproj/LaunchScreen.xib; sourceTree = "<group>"; };
		A1BE20821A8ACE1A00AE7528 /* audioRecordTests.xctest */ = {isa = PBXFileReference; explicitFileType = wrapper.cfbundle; includeInIndex = 0; path = audioRecordTests.xctest; sourceTree = BUILT_PRODUCTS_DIR; };
		A1BE20871A8ACE1B00AE7528 /* Info.plist */ = {isa = PBXFileReference; lastKnownFileType = text.plist.xml; path = Info.plist; sourceTree = "<group>"; };
		A1BE20881A8ACE1B00AE7528 /* audioRecordTests.swift */ = {isa = PBXFileReference; lastKnownFileType = sourcecode.swift; path = audioRecordTests.swift; sourceTree = "<group>"; };
		A1BE20921A8ACE9A00AE7528 /* audio.gif */ = {isa = PBXFileReference; lastKnownFileType = image.gif; path = audio.gif; sourceTree = "<group>"; };
		A1BE20941A8AE2E600AE7528 /* AVFoundation.framework */ = {isa = PBXFileReference; lastKnownFileType = wrapper.framework; name = AVFoundation.framework; path = System/Library/Frameworks/AVFoundation.framework; sourceTree = SDKROOT; };
/* End PBXFileReference section */

/* Begin PBXFrameworksBuildPhase section */
		A1BE206A1A8ACE1A00AE7528 /* Frameworks */ = {
			isa = PBXFrameworksBuildPhase;
			buildActionMask = 2147483647;
			files = (
				A1BE20951A8AE2E600AE7528 /* AVFoundation.framework in Frameworks */,
			);
			runOnlyForDeploymentPostprocessing = 0;
		};
		A1BE207F1A8ACE1A00AE7528 /* Frameworks */ = {
			isa = PBXFrameworksBuildPhase;
			buildActionMask = 2147483647;
			files = (
			);
			runOnlyForDeploymentPostprocessing = 0;
		};
/* End PBXFrameworksBuildPhase section */

/* Begin PBXGroup section */
		A1BE20641A8ACE1A00AE7528 = {
			isa = PBXGroup;
			children = (
				A1BE20941A8AE2E600AE7528 /* AVFoundation.framework */,
				A1BE206F1A8ACE1A00AE7528 /* audioRecord */,
				A1BE20851A8ACE1A00AE7528 /* audioRecordTests */,
				A1BE206E1A8ACE1A00AE7528 /* Products */,
			);
			sourceTree = "<group>";
		};
		A1BE206E1A8ACE1A00AE7528 /* Products */ = {
			isa = PBXGroup;
			children = (
				A1BE206D1A8ACE1A00AE7528 /* audioRecord.app */,
				A1BE20821A8ACE1A00AE7528 /* audioRecordTests.xctest */,
			);
			name = Products;
			sourceTree = "<group>";
		};
		A1BE206F1A8ACE1A00AE7528 /* audioRecord */ = {
			isa = PBXGroup;
			children = (
				A1BE20921A8ACE9A00AE7528 /* audio.gif */,
				A1BE20721A8ACE1A00AE7528 /* AppDelegate.swift */,
				A1BE20741A8ACE1A00AE7528 /* ViewController.swift */,
				A1BE20761A8ACE1A00AE7528 /* Main.storyboard */,
				A1BE20791A8ACE1A00AE7528 /* Images.xcassets */,
				A1BE207B1A8ACE1A00AE7528 /* LaunchScreen.xib */,
				A1BE20701A8ACE1A00AE7528 /* Supporting Files */,
			);
			path = audioRecord;
			sourceTree = "<group>";
		};
		A1BE20701A8ACE1A00AE7528 /* Supporting Files */ = {
			isa = PBXGroup;
			children = (
				A1BE20711A8ACE1A00AE7528 /* Info.plist */,
			);
			name = "Supporting Files";
			sourceTree = "<group>";
		};
		A1BE20851A8ACE1A00AE7528 /* audioRecordTests */ = {
			isa = PBXGroup;
			children = (
				A1BE20881A8ACE1B00AE7528 /* audioRecordTests.swift */,
				A1BE20861A8ACE1B00AE7528 /* Supporting Files */,
			);
			path = audioRecordTests;
			sourceTree = "<group>";
		};
		A1BE20861A8ACE1B00AE7528 /* Supporting Files */ = {
			isa = PBXGroup;
			children = (
				A1BE20871A8ACE1B00AE7528 /* Info.plist */,
			);
			name = "Supporting Files";
			sourceTree = "<group>";
		};
/* End PBXGroup section */

/* Begin PBXNativeTarget section */
		A1BE206C1A8ACE1A00AE7528 /* audioRecord */ = {
			isa = PBXNativeTarget;
			buildConfigurationList = A1BE208C1A8ACE1B00AE7528 /* Build configuration list for PBXNativeTarget "audioRecord" */;
			buildPhases = (
				A1BE20691A8ACE1A00AE7528 /* Sources */,
				A1BE206A1A8ACE1A00AE7528 /* Frameworks */,
				A1BE206B1A8ACE1A00AE7528 /* Resources */,
			);
			buildRules = (
			);
			dependencies = (
			);
			name = audioRecord;
			productName = audioRecord;
			productReference = A1BE206D1A8ACE1A00AE7528 /* audioRecord.app */;
			productType = "com.apple.product-type.application";
		};
		A1BE20811A8ACE1A00AE7528 /* audioRecordTests */ = {
			isa = PBXNativeTarget;
			buildConfigurationList = A1BE208F1A8ACE1B00AE7528 /* Build configuration list for PBXNativeTarget "audioRecordTests" */;
			buildPhases = (
				A1BE207E1A8ACE1A00AE7528 /* Sources */,
				A1BE207F1A8ACE1A00AE7528 /* Frameworks */,
				A1BE20801A8ACE1A00AE7528 /* Resources */,
			);
			buildRules = (
			);
			dependencies = (
				A1BE20841A8ACE1A00AE7528 /* PBXTargetDependency */,
			);
			name = audioRecordTests;
			productName = audioRecordTests;
			productReference = A1BE20821A8ACE1A00AE7528 /* audioRecordTests.xctest */;
			productType = "com.apple.product-type.bundle.unit-test";
		};
/* End PBXNativeTarget section */

/* Begin PBXProject section */
		A1BE20651A8ACE1A00AE7528 /* Project object */ = {
			isa = PBXProject;
			attributes = {
				LastUpgradeCheck = 0610;
				ORGANIZATIONNAME = "Loreto Dumitrescu";
				TargetAttributes = {
					A1BE206C1A8ACE1A00AE7528 = {
						CreatedOnToolsVersion = 6.1.1;
					};
					A1BE20811A8ACE1A00AE7528 = {
						CreatedOnToolsVersion = 6.1.1;
						TestTargetID = A1BE206C1A8ACE1A00AE7528;
					};
				};
			};
			buildConfigurationList = A1BE20681A8ACE1A00AE7528 /* Build configuration list for PBXProject "audioRecord" */;
			compatibilityVersion = "Xcode 3.2";
			developmentRegion = English;
			hasScannedForEncodings = 0;
			knownRegions = (
				en,
				Base,
			);
			mainGroup = A1BE20641A8ACE1A00AE7528;
			productRefGroup = A1BE206E1A8ACE1A00AE7528 /* Products */;
			projectDirPath = "";
			projectRoot = "";
			targets = (
				A1BE206C1A8ACE1A00AE7528 /* audioRecord */,
				A1BE20811A8ACE1A00AE7528 /* audioRecordTests */,
			);
		};
/* End PBXProject section */

/* Begin PBXResourcesBuildPhase section */
		A1BE206B1A8ACE1A00AE7528 /* Resources */ = {
			isa = PBXResourcesBuildPhase;
			buildActionMask = 2147483647;
			files = (
				A1BE20781A8ACE1A00AE7528 /* Main.storyboard in Resources */,
				A1BE207D1A8ACE1A00AE7528 /* LaunchScreen.xib in Resources */,
				A1BE207A1A8ACE1A00AE7528 /* Images.xcassets in Resources */,
				A1BE20931A8ACE9A00AE7528 /* audio.gif in Resources */,
			);
			runOnlyForDeploymentPostprocessing = 0;
		};
		A1BE20801A8ACE1A00AE7528 /* Resources */ = {
			isa = PBXResourcesBuildPhase;
			buildActionMask = 2147483647;
			files = (
			);
			runOnlyForDeploymentPostprocessing = 0;
		};
/* End PBXResourcesBuildPhase section */

/* Begin PBXSourcesBuildPhase section */
		A1BE20691A8ACE1A00AE7528 /* Sources */ = {
			isa = PBXSourcesBuildPhase;
			buildActionMask = 2147483647;
			files = (
				A1BE20751A8ACE1A00AE7528 /* ViewController.swift in Sources */,
				A1BE20731A8ACE1A00AE7528 /* AppDelegate.swift in Sources */,
			);
			runOnlyForDeploymentPostprocessing = 0;
		};
		A1BE207E1A8ACE1A00AE7528 /* Sources */ = {
			isa = PBXSourcesBuildPhase;
			buildActionMask = 2147483647;
			files = (
				A1BE20891A8ACE1B00AE7528 /* audioRecordTests.swift in Sources */,
			);
			runOnlyForDeploymentPostprocessing = 0;
		};
/* End PBXSourcesBuildPhase section */

/* Begin PBXTargetDependency section */
		A1BE20841A8ACE1A00AE7528 /* PBXTargetDependency */ = {
			isa = PBXTargetDependency;
			target = A1BE206C1A8ACE1A00AE7528 /* audioRecord */;
			targetProxy = A1BE20831A8ACE1A00AE7528 /* PBXContainerItemProxy */;
		};
/* End PBXTargetDependency section */

/* Begin PBXVariantGroup section */
		A1BE20761A8ACE1A00AE7528 /* Main.storyboard */ = {
			isa = PBXVariantGroup;
			children = (
				A1BE20771A8ACE1A00AE7528 /* Base */,
			);
			name = Main.storyboard;
			sourceTree = "<group>";
		};
		A1BE207B1A8ACE1A00AE7528 /* LaunchScreen.xib */ = {
			isa = PBXVariantGroup;
			children = (
				A1BE207C1A8ACE1A00AE7528 /* Base */,
			);
			name = LaunchScreen.xib;
			sourceTree = "<group>";
		};
/* End PBXVariantGroup section */

/* Begin XCBuildConfiguration section */
		A1BE208A1A8ACE1B00AE7528 /* Debug */ = {
			isa = XCBuildConfiguration;
			buildSettings = {
				ALWAYS_SEARCH_USER_PATHS = NO;
				CLANG_CXX_LANGUAGE_STANDARD = "gnu++0x";
				CLANG_CXX_LIBRARY = "libc++";
				CLANG_ENABLE_MODULES = YES;
				CLANG_ENABLE_OBJC_ARC = YES;
				CLANG_WARN_BOOL_CONVERSION = YES;
				CLANG_WARN_CONSTANT_CONVERSION = YES;
				CLANG_WARN_DIRECT_OBJC_ISA_USAGE = YES_ERROR;
				CLANG_WARN_EMPTY_BODY = YES;
				CLANG_WARN_ENUM_CONVERSION = YES;
				CLANG_WARN_INT_CONVERSION = YES;
				CLANG_WARN_OBJC_ROOT_CLASS = YES_ERROR;
				CLANG_WARN_UNREACHABLE_CODE = YES;
				CLANG_WARN__DUPLICATE_METHOD_MATCH = YES;
				"CODE_SIGN_IDENTITY[sdk=iphoneos*]" = "iPhone Developer";
				COPY_PHASE_STRIP = NO;
				ENABLE_STRICT_OBJC_MSGSEND = YES;
				GCC_C_LANGUAGE_STANDARD = gnu99;
				GCC_DYNAMIC_NO_PIC = NO;
				GCC_OPTIMIZATION_LEVEL = 0;
				GCC_PREPROCESSOR_DEFINITIONS = (
					"DEBUG=1",
					"$(inherited)",
				);
				GCC_SYMBOLS_PRIVATE_EXTERN = NO;
				GCC_WARN_64_TO_32_BIT_CONVERSION = YES;
				GCC_WARN_ABOUT_RETURN_TYPE = YES_ERROR;
				GCC_WARN_UNDECLARED_SELECTOR = YES;
				GCC_WARN_UNINITIALIZED_AUTOS = YES_AGGRESSIVE;
				GCC_WARN_UNUSED_FUNCTION = YES;
				GCC_WARN_UNUSED_VARIABLE = YES;
				IPHONEOS_DEPLOYMENT_TARGET = 8.1;
				MTL_ENABLE_DEBUG_INFO = YES;
				ONLY_ACTIVE_ARCH = YES;
				SDKROOT = iphoneos;
				SWIFT_OPTIMIZATION_LEVEL = "-Onone";
			};
			name = Debug;
		};
		A1BE208B1A8ACE1B00AE7528 /* Release */ = {
			isa = XCBuildConfiguration;
			buildSettings = {
				ALWAYS_SEARCH_USER_PATHS = NO;
				CLANG_CXX_LANGUAGE_STANDARD = "gnu++0x";
				CLANG_CXX_LIBRARY = "libc++";
				CLANG_ENABLE_MODULES = YES;
				CLANG_ENABLE_OBJC_ARC = YES;
				CLANG_WARN_BOOL_CONVERSION = YES;
				CLANG_WARN_CONSTANT_CONVERSION = YES;
				CLANG_WARN_DIRECT_OBJC_ISA_USAGE = YES_ERROR;
				CLANG_WARN_EMPTY_BODY = YES;
				CLANG_WARN_ENUM_CONVERSION = YES;
				CLANG_WARN_INT_CONVERSION = YES;
				CLANG_WARN_OBJC_ROOT_CLASS = YES_ERROR;
				CLANG_WARN_UNREACHABLE_CODE = YES;
				CLANG_WARN__DUPLICATE_METHOD_MATCH = YES;
				"CODE_SIGN_IDENTITY[sdk=iphoneos*]" = "iPhone Developer";
				COPY_PHASE_STRIP = YES;
				ENABLE_NS_ASSERTIONS = NO;
				ENABLE_STRICT_OBJC_MSGSEND = YES;
				GCC_C_LANGUAGE_STANDARD = gnu99;
				GCC_WARN_64_TO_32_BIT_CONVERSION = YES;
				GCC_WARN_ABOUT_RETURN_TYPE = YES_ERROR;
				GCC_WARN_UNDECLARED_SELECTOR = YES;
				GCC_WARN_UNINITIALIZED_AUTOS = YES_AGGRESSIVE;
				GCC_WARN_UNUSED_FUNCTION = YES;
				GCC_WARN_UNUSED_VARIABLE = YES;
				IPHONEOS_DEPLOYMENT_TARGET = 8.1;
				MTL_ENABLE_DEBUG_INFO = NO;
				SDKROOT = iphoneos;
				VALIDATE_PRODUCT = YES;
			};
			name = Release;
		};
		A1BE208D1A8ACE1B00AE7528 /* Debug */ = {
			isa = XCBuildConfiguration;
			buildSettings = {
				ASSETCATALOG_COMPILER_APPICON_NAME = AppIcon;
				INFOPLIST_FILE = audioRecord/Info.plist;
				LD_RUNPATH_SEARCH_PATHS = "$(inherited) @executable_path/Frameworks";
				PRODUCT_NAME = "$(TARGET_NAME)";
			};
			name = Debug;
		};
		A1BE208E1A8ACE1B00AE7528 /* Release */ = {
			isa = XCBuildConfiguration;
			buildSettings = {
				ASSETCATALOG_COMPILER_APPICON_NAME = AppIcon;
				INFOPLIST_FILE = audioRecord/Info.plist;
				LD_RUNPATH_SEARCH_PATHS = "$(inherited) @executable_path/Frameworks";
				PRODUCT_NAME = "$(TARGET_NAME)";
			};
			name = Release;
		};
		A1BE20901A8ACE1B00AE7528 /* Debug */ = {
			isa = XCBuildConfiguration;
			buildSettings = {
				BUNDLE_LOADER = "$(TEST_HOST)";
				FRAMEWORK_SEARCH_PATHS = (
					"$(SDKROOT)/Developer/Library/Frameworks",
					"$(inherited)",
				);
				GCC_PREPROCESSOR_DEFINITIONS = (
					"DEBUG=1",
					"$(inherited)",
				);
				INFOPLIST_FILE = audioRecordTests/Info.plist;
				LD_RUNPATH_SEARCH_PATHS = "$(inherited) @executable_path/Frameworks @loader_path/Frameworks";
				PRODUCT_NAME = "$(TARGET_NAME)";
				TEST_HOST = "$(BUILT_PRODUCTS_DIR)/audioRecord.app/audioRecord";
			};
			name = Debug;
		};
		A1BE20911A8ACE1B00AE7528 /* Release */ = {
			isa = XCBuildConfiguration;
			buildSettings = {
				BUNDLE_LOADER = "$(TEST_HOST)";
				FRAMEWORK_SEARCH_PATHS = (
					"$(SDKROOT)/Developer/Library/Frameworks",
					"$(inherited)",
				);
				INFOPLIST_FILE = audioRecordTests/Info.plist;
				LD_RUNPATH_SEARCH_PATHS = "$(inherited) @executable_path/Frameworks @loader_path/Frameworks";
				PRODUCT_NAME = "$(TARGET_NAME)";
				TEST_HOST = "$(BUILT_PRODUCTS_DIR)/audioRecord.app/audioRecord";
			};
			name = Release;
		};
/* End XCBuildConfiguration section */

/* Begin XCConfigurationList section */
		A1BE20681A8ACE1A00AE7528 /* Build configuration list for PBXProject "audioRecord" */ = {
			isa = XCConfigurationList;
			buildConfigurations = (
				A1BE208A1A8ACE1B00AE7528 /* Debug */,
				A1BE208B1A8ACE1B00AE7528 /* Release */,
			);
			defaultConfigurationIsVisible = 0;
			defaultConfigurationName = Release;
		};
		A1BE208C1A8ACE1B00AE7528 /* Build configuration list for PBXNativeTarget "audioRecord" */ = {
			isa = XCConfigurationList;
			buildConfigurations = (
				A1BE208D1A8ACE1B00AE7528 /* Debug */,
				A1BE208E1A8ACE1B00AE7528 /* Release */,
			);
			defaultConfigurationIsVisible = 0;
		};
		A1BE208F1A8ACE1B00AE7528 /* Build configuration list for PBXNativeTarget "audioRecordTests" */ = {
			isa = XCConfigurationList;
			buildConfigurations = (
				A1BE20901A8ACE1B00AE7528 /* Debug */,
				A1BE20911A8ACE1B00AE7528 /* Release */,
			);
			defaultConfigurationIsVisible = 0;
		};
/* End XCConfigurationList section */
	};
	rootObject = A1BE20651A8ACE1A00AE7528 /* Project object */;
}
